{
  "name": "alfred-imessage-otp",
  "version": "1.0.0",
  "lockfileVersion": 3,
  "requires": true,
  "packages": {
    "": {
      "name": "alfred-imessage-otp",
      "version": "1.0.0",
      "license": "MIT",
      "dependencies": {
        "run-node": "^3.0.0"
      }
    },
    "node_modules/run-node": {
      "version": "3.0.0",
      "resolved": "https://registry.npmjs.org/run-node/-/run-node-3.0.0.tgz",
      "integrity": "sha512-MIO6fytrohsYGY5qzrTmI6Leh3Bh98jwWMabpZJTejbw68uJn+3QgqN0g4xQgrbn5216VrgyQiDGI6EXVwfwrw==",
      "license": "MIT",
      "bin": {
        "run-node": "run-node",
        "run-npx": "run-npx"
      },
      "engines": {
        "node": ">=18"
      },
      "funding": {
        "url": "https://github.com/sponsors/sindresorhus"
      }
    }
  }
}
